schema: '2.0'
stages:
  data_ingestion:
    cmd: python src/data_ingestion.py
    deps:
    - path: raw_data_location
      hash: md5
      md5: 249d87a8320592b91ab08407a4c27708.dir
      size: 6112281
      nfiles: 1
    - path: src/data_ingestion.py
      hash: md5
      md5: 869277bee35d61cb24579aef318dd35a
      size: 3178
    outs:
    - path: data_processed/raw
      hash: md5
      md5: 6bf743a3b687796ee82cacf0f3c22df1.dir
      size: 6050941
      nfiles: 1
  data_validation:
    cmd: python src/data_validation.py
    deps:
    - path: data_processed/raw
      hash: md5
      md5: 6bf743a3b687796ee82cacf0f3c22df1.dir
      size: 6050941
      nfiles: 1
    - path: src/data_validation.py
      hash: md5
      md5: a1729f007d43c022f9e7fc7819131bf4
      size: 4659
  data_preprocessing:
    cmd: python src/data_preprocessing.py
    deps:
    - path: data_processed/raw
      hash: md5
      md5: 6bf743a3b687796ee82cacf0f3c22df1.dir
      size: 6050941
      nfiles: 1
    - path: src/data_preprocessing.py
      hash: md5
      md5: 5adf32064d3a17b8a21a5852e8dbf444
      size: 4494
    outs:
    - path: data_processed/cleaned
      hash: md5
      md5: 8bc3e305e1fd01d11a4079fd05482e90.dir
      size: 6254400
      nfiles: 1
  feature_engineering:
    cmd: python src/feature_engineering.py
    deps:
    - path: data_processed/cleaned
      hash: md5
      md5: 8bc3e305e1fd01d11a4079fd05482e90.dir
      size: 6254400
      nfiles: 1
    - path: src/feature_engineering.py
      hash: md5
      md5: f5309e53b823a1249b26294917e0bcd8
      size: 4273
    outs:
    - path: data_processed/featured
      hash: md5
      md5: 61a045745e9198a2cf9f9885b523327a.dir
      size: 8551162
      nfiles: 1
  data_split_encode:
    cmd: python src/data_split_encode.py
    deps:
    - path: data_processed/featured
      hash: md5
      md5: 61a045745e9198a2cf9f9885b523327a.dir
      size: 8551162
      nfiles: 1
    - path: src/data_split_encode.py
      hash: md5
      md5: e64add34a4013e58964f3cff8983105c
      size: 4755
    outs:
    - path: data_processed/dependency_split
      hash: md5
      md5: 39cc46fdb729a6aaaaa3e475201be082.dir
      size: 7812039
      nfiles: 5
  decision_tree:
    cmd: python src/dt.py
    deps:
    - path: data_processed/dependency_split
      hash: md5
      md5: 39cc46fdb729a6aaaaa3e475201be082.dir
      size: 7812039
      nfiles: 5
    - path: src/dt.py
      hash: md5
      md5: a9dd5e5160031442d5f67cb53a83921a
      size: 5251
    params:
      params.yaml:
        decision_tree:
          tuning: false
          params:
            max_depth:
            min_samples_split: 2
            min_samples_leaf: 1
            criterion: gini
          param_grid:
            max_depth:
            - 6
            - 7
            - 8
            - 9
            - 10
            - 11
            - 12
            min_samples_split:
            - 2
            - 4
            - 6
            - 8
            min_samples_leaf:
            - 1
            - 2
            - 3
            - 4
            criterion:
            - gini
            - entropy
            - log_loss
          cv: 5
    outs:
    - path: models/decision_tree
      hash: md5
      md5: f54fbda9962f59ec2a9c9bcc8e9dffd0.dir
      size: 518169
      nfiles: 2
