schema: '2.0'
stages:
  data_ingestion:
    cmd: python src/data_ingestion.py
    deps:
    - path: raw_data_location
      hash: md5
      md5: 249d87a8320592b91ab08407a4c27708.dir
      size: 6112281
      nfiles: 1
    - path: src/data_ingestion.py
      hash: md5
      md5: 869277bee35d61cb24579aef318dd35a
      size: 3178
    outs:
    - path: data_processed/raw
      hash: md5
      md5: 6bf743a3b687796ee82cacf0f3c22df1.dir
      size: 6050941
      nfiles: 1
  data_validation:
    cmd: python src/data_validation.py
    deps:
    - path: data_processed/raw
      hash: md5
      md5: 6bf743a3b687796ee82cacf0f3c22df1.dir
      size: 6050941
      nfiles: 1
    - path: src/data_validation.py
      hash: md5
      md5: a1729f007d43c022f9e7fc7819131bf4
      size: 4659
  data_preprocessing:
    cmd: python src/data_preprocessing.py
    deps:
    - path: data_processed/raw
      hash: md5
      md5: 6bf743a3b687796ee82cacf0f3c22df1.dir
      size: 6050941
      nfiles: 1
    - path: src/data_preprocessing.py
      hash: md5
      md5: 5adf32064d3a17b8a21a5852e8dbf444
      size: 4494
    outs:
    - path: data_processed/cleaned
      hash: md5
      md5: 8bc3e305e1fd01d11a4079fd05482e90.dir
      size: 6254400
      nfiles: 1
