schema: '2.0'
stages:
  data_ingestion:
    cmd: python src/data_ingestion.py
    deps:
    - path: raw_data_location
      hash: md5
      md5: 379dd9e9608e7ee23739c1e5e53a3963.dir
      size: 6112405
      nfiles: 2
    - path: src/data_ingestion.py
      hash: md5
      md5: 869277bee35d61cb24579aef318dd35a
      size: 3178
    outs:
    - path: data_processed/raw
      hash: md5
      md5: 6bf743a3b687796ee82cacf0f3c22df1.dir
      size: 6050941
      nfiles: 1
  data_validation:
    cmd: python src/data_validation.py
    deps:
    - path: data_processed/raw
      hash: md5
      md5: 6bf743a3b687796ee82cacf0f3c22df1.dir
      size: 6050941
      nfiles: 1
    - path: src/data_validation.py
      hash: md5
      md5: a1729f007d43c022f9e7fc7819131bf4
      size: 4659
  data_preprocessing:
    cmd: python src/data_preprocessing.py
    deps:
    - path: data_processed/raw
      hash: md5
      md5: 6bf743a3b687796ee82cacf0f3c22df1.dir
      size: 6050941
      nfiles: 1
    - path: src/data_preprocessing.py
      hash: md5
      md5: 5adf32064d3a17b8a21a5852e8dbf444
      size: 4494
    outs:
    - path: data_processed/cleaned
      hash: md5
      md5: 8bc3e305e1fd01d11a4079fd05482e90.dir
      size: 6254400
      nfiles: 1
  feature_engineering:
    cmd: python src/feature_engineering.py
    deps:
    - path: data_processed/cleaned
      hash: md5
      md5: 8bc3e305e1fd01d11a4079fd05482e90.dir
      size: 6254400
      nfiles: 1
    - path: src/feature_engineering.py
      hash: md5
      md5: f5309e53b823a1249b26294917e0bcd8
      size: 4273
    outs:
    - path: data_processed/featured
      hash: md5
      md5: 61a045745e9198a2cf9f9885b523327a.dir
      size: 8551162
      nfiles: 1
  data_split_encode:
    cmd: python src/data_split_encode.py
    deps:
    - path: data_processed/featured
      hash: md5
      md5: 61a045745e9198a2cf9f9885b523327a.dir
      size: 8551162
      nfiles: 1
    - path: src/data_split_encode.py
      hash: md5
      md5: e64add34a4013e58964f3cff8983105c
      size: 4755
    outs:
    - path: data_processed/dependency_split
      hash: md5
      md5: 39cc46fdb729a6aaaaa3e475201be082.dir
      size: 7812039
      nfiles: 5
  decision_tree:
    cmd: python src/dt.py
    deps:
    - path: data_processed/dependency_split
      hash: md5
      md5: 39cc46fdb729a6aaaaa3e475201be082.dir
      size: 7812039
      nfiles: 5
    - path: src/dt.py
      hash: md5
      md5: 4d0dbddc0282c1f6cd9963883397541f
      size: 4475
    params:
      params.yaml:
        decision_tree:
          tuning: false
          params:
            max_depth:
            min_samples_split: 2
            min_samples_leaf: 1
            criterion: gini
          param_grid:
            max_depth:
            - 6
            - 7
            - 8
            - 9
            - 10
            - 11
            - 12
            min_samples_split:
            - 2
            - 4
            - 6
            - 8
            min_samples_leaf:
            - 1
            - 2
            - 3
            - 4
            criterion:
            - gini
            - entropy
            - log_loss
          cv: 5
    outs:
    - path: models/decision_tree
      hash: md5
      md5: 4995c520937bb5ddec80ceecf818106d.dir
      size: 518193
      nfiles: 2
  random_forest:
    cmd: python -m src.rf
    deps:
    - path: data_processed/dependency_split
      hash: md5
      md5: 39cc46fdb729a6aaaaa3e475201be082.dir
      size: 7812039
      nfiles: 5
    - path: params.yaml
      hash: md5
      md5: 0b8a3c79b2b2f306e196719fe53985aa
      size: 1463
    - path: src/reporting.py
      hash: md5
      md5: d784356764276145d53d5e5a8b043059
      size: 1538
    - path: src/rf.py
      hash: md5
      md5: eec5d92a376336e8f36f7c346617a8c4
      size: 3699
    params:
      params.yaml:
        random_forest:
          tuning: true
          baseline_params:
            max_depth:
            min_samples_split: 2
            min_samples_leaf: 1
            bootstrap: true
            n_jobs: -1
          param_grid:
            criterion:
            - gini
            - entropy
            bootstrap:
            - true
            - false
            max_features:
            - sqrt
            - log2
            - 
          cv: 5
          final_params:
            n_estimators: 250
            bootstrap: false
            criterion: entropy
            max_features: sqrt
            max_depth:
            min_samples_split: 2
            min_samples_leaf: 1
            n_jobs: -1
          threshold:
            enabled: true
            value: 0.4
            sweep:
              start: 0.3
              end: 0.6
              step: 0.05
    outs:
    - path: models/rf_tuned
      hash: md5
      md5: d7e5b672203a6f802a69eee155d8425e.dir
      size: 183145771
      nfiles: 2
    - path: reports/confusion_matrix.png
      hash: md5
      md5: e9cb9d8380ab6fe2411e6ab19f8b3e7d
      size: 20550
    - path: reports/roc_curve.png
      hash: md5
      md5: 93f4520a30bb7ed382482505130a2e5e
      size: 29451
  rf_feature_selection:
    cmd: python src/rf_fs.py
    deps:
    - path: data_processed/dependency_split
      hash: md5
      md5: 39cc46fdb729a6aaaaa3e475201be082.dir
      size: 7812039
      nfiles: 5
    - path: params.yaml
      hash: md5
      md5: 0b8a3c79b2b2f306e196719fe53985aa
      size: 1463
    - path: src/rf_fs.py
      hash: md5
      md5: 2476e65d44a76437170b244e6181ea40
      size: 4847
    params:
      params.yaml:
        feature_selection.importance_threshold: 90
        random_forest.final_params:
          n_estimators: 250
          bootstrap: false
          criterion: entropy
          max_features: sqrt
          max_depth:
          min_samples_split: 2
          min_samples_leaf: 1
          n_jobs: -1
    outs:
    - path: models/rf_feature_selection
      hash: md5
      md5: 0608a207dd28d7db7a56b6fa6808016c.dir
      size: 174237169
      nfiles: 4
    - path: reports/feature_importance.png
      hash: md5
      md5: f4f05f50777d49800ef3a7a21fb1e380
      size: 39510
  model_comparison:
    cmd: python src/model_comparison.py
    deps:
    - path: models/decision_tree
      hash: md5
      md5: 4995c520937bb5ddec80ceecf818106d.dir
      size: 518193
      nfiles: 2
    - path: models/rf_feature_selection
      hash: md5
      md5: 0608a207dd28d7db7a56b6fa6808016c.dir
      size: 174237169
      nfiles: 4
    - path: models/rf_tuned
      hash: md5
      md5: d7e5b672203a6f802a69eee155d8425e.dir
      size: 183145771
      nfiles: 2
    - path: src/model_comparison.py
      hash: md5
      md5: f931279c25aa9dc61d6bb2b439fee714
      size: 1798
    outs:
    - path: reports/model_comparison_accuracy.png
      hash: md5
      md5: e5212f840df31a507be5dec94efab4e7
      size: 15236
    - path: reports/model_comparison_f1.png
      hash: md5
      md5: 64b68a8866a11f8f361825f2f0ee9c90
      size: 16758
    - path: reports/model_comparison_table.csv
      hash: md5
      md5: 645b51bb40cafddbb695851e1af050b4
      size: 207
